
Microsoft Visual Studio Solution File, Format Version 12.00
# Visual Studio Version 17
VisualStudioVersion = 17.9.34728.123
MinimumVisualStudioVersion = 10.0.40219.1
Project("{FAE04EC0-301F-11D3-BF4B-00C04F79EFBC}") = "DockerConsoleApp", "DockerConsoleApp\DockerConsoleApp.csproj", "{73207973-CDC8-4291-848C-05245CAF8F5C}"
EndProject
Project("{E53339B2-1760-4266-BCC7-CA923CBCF16C}") = "docker-compose", "docker-compose.dcproj", "{C456E4F0-F548-4162-8D5F-69E6E8ECD590}"
EndProject
Global
	GlobalSection(SolutionConfigurationPlatforms) = preSolution
		Debug|Any CPU = Debug|Any CPU
		Release|Any CPU = Release|Any CPU
	EndGlobalSection
	GlobalSection(ProjectConfigurationPlatforms) = postSolution
		{73207973-CDC8-4291-848C-05245CAF8F5C}.Debug|Any CPU.ActiveCfg = Debug|Any CPU
		{73207973-CDC8-4291-848C-05245CAF8F5C}.Debug|Any CPU.Build.0 = Debug|Any CPU
		{73207973-CDC8-4291-848C-05245CAF8F5C}.Release|Any CPU.ActiveCfg = Release|Any CPU
		{73207973-CDC8-4291-848C-05245CAF8F5C}.Release|Any CPU.Build.0 = Release|Any CPU
		{C456E4F0-F548-4162-8D5F-69E6E8ECD590}.Debug|Any CPU.ActiveCfg = Debug|Any CPU
		{C456E4F0-F548-4162-8D5F-69E6E8ECD590}.Debug|Any CPU.Build.0 = Debug|Any CPU
		{C456E4F0-F548-4162-8D5F-69E6E8ECD590}.Release|Any CPU.ActiveCfg = Release|Any CPU
		{C456E4F0-F548-4162-8D5F-69E6E8ECD590}.Release|Any CPU.Build.0 = Release|Any CPU
	EndGlobalSection
	GlobalSection(SolutionProperties) = preSolution
		HideSolutionNode = FALSE
	EndGlobalSection
	GlobalSection(ExtensibilityGlobals) = postSolution
		SolutionGuid = {4B570B17-309B-4016-9DCD-78C51298A18E}
	EndGlobalSection
EndGlobal
